
Microsoft Visual Studio Solution File, Format Version 12.00
# Visual Studio Version 17
VisualStudioVersion = 17.14.37328.6 d17.14
MinimumVisualStudioVersion = 10.0.40219.1
Project("{FAE04EC0-301F-11D3-BF4B-00C04F79EFBC}") = "ClinicManagement.API", "ClinicManagement\ClinicManagement.API.csproj", "{1943088A-8AC0-464B-8EAF-346A118E0C83}"
EndProject
Project("{FAE04EC0-301F-11D3-BF4B-00C04F79EFBC}") = "ClinicManagement.Domain", "ClinicManagement.Domain\ClinicManagement.Domain.csproj", "{5E3D46AD-A992-4B63-BE21-3638E25BD05E}"
EndProject
Project("{FAE04EC0-301F-11D3-BF4B-00C04F79EFBC}") = "ClinicManagement.Infrastructure", "ClinicManagement.infrastructure\ClinicManagement.Infrastructure.csproj", "{743E213D-F52A-4917-9809-C828DF30E975}"
EndProject
Project("{FAE04EC0-301F-11D3-BF4B-00C04F79EFBC}") = "ClinicManagement.Application", "ClinicManagement.Application\ClinicManagement.Application.csproj", "{8FA9C6C6-7BB8-4B37-874B-616A9CBE3768}"
EndProject
Global
	GlobalSection(SolutionConfigurationPlatforms) = preSolution
		Debug|Any CPU = Debug|Any CPU
		Release|Any CPU = Release|Any CPU
	EndGlobalSection
	GlobalSection(ProjectConfigurationPlatforms) = postSolution
		{1943088A-8AC0-464B-8EAF-346A118E0C83}.Debug|Any CPU.ActiveCfg = Debug|Any CPU
		{1943088A-8AC0-464B-8EAF-346A118E0C83}.Debug|Any CPU.Build.0 = Debug|Any CPU
		{1943088A-8AC0-464B-8EAF-346A118E0C83}.Release|Any CPU.ActiveCfg = Release|Any CPU
		{1943088A-8AC0-464B-8EAF-346A118E0C83}.Release|Any CPU.Build.0 = Release|Any CPU
		{5E3D46AD-A992-4B63-BE21-3638E25BD05E}.Debug|Any CPU.ActiveCfg = Debug|Any CPU
		{5E3D46AD-A992-4B63-BE21-3638E25BD05E}.Debug|Any CPU.Build.0 = Debug|Any CPU
		{5E3D46AD-A992-4B63-BE21-3638E25BD05E}.Release|Any CPU.ActiveCfg = Release|Any CPU
		{5E3D46AD-A992-4B63-BE21-3638E25BD05E}.Release|Any CPU.Build.0 = Release|Any CPU
		{743E213D-F52A-4917-9809-C828DF30E975}.Debug|Any CPU.ActiveCfg = Debug|Any CPU
		{743E213D-F52A-4917-9809-C828DF30E975}.Debug|Any CPU.Build.0 = Debug|Any CPU
		{743E213D-F52A-4917-9809-C828DF30E975}.Release|Any CPU.ActiveCfg = Release|Any CPU
		{743E213D-F52A-4917-9809-C828DF30E975}.Release|Any CPU.Build.0 = Release|Any CPU
		{8FA9C6C6-7BB8-4B37-874B-616A9CBE3768}.Debug|Any CPU.ActiveCfg = Debug|Any CPU
		{8FA9C6C6-7BB8-4B37-874B-616A9CBE3768}.Debug|Any CPU.Build.0 = Debug|Any CPU
		{8FA9C6C6-7BB8-4B37-874B-616A9CBE3768}.Release|Any CPU.ActiveCfg = Release|Any CPU
		{8FA9C6C6-7BB8-4B37-874B-616A9CBE3768}.Release|Any CPU.Build.0 = Release|Any CPU
	EndGlobalSection
	GlobalSection(SolutionProperties) = preSolution
		HideSolutionNode = FALSE
	EndGlobalSection
	GlobalSection(ExtensibilityGlobals) = postSolution
		SolutionGuid = {30B4E210-217C-4455-BD1E-9401926C0EE2}
	EndGlobalSection
EndGlobal
